
Microsoft Visual Studio Solution File, Format Version 12.00
# Visual Studio Version 16
VisualStudioVersion = 16.0.30907.101
MinimumVisualStudioVersion = 10.0.40219.1
Project("{FAE04EC0-301F-11D3-BF4B-00C04F79EFBC}") = "CSharpNewAPI", "CSharpNewAPI\CSharpNewAPI.csproj", "{05BDCD11-FC61-4822-BABD-7A79C0C90060}"
EndProject
Global
	GlobalSection(SolutionConfigurationPlatforms) = preSolution
		Debug|Any CPU = Debug|Any CPU
		Release|Any CPU = Release|Any CPU
	EndGlobalSection
	GlobalSection(ProjectConfigurationPlatforms) = postSolution
		{05BDCD11-FC61-4822-BABD-7A79C0C90060}.Debug|Any CPU.ActiveCfg = Debug|Any CPU
		{05BDCD11-FC61-4822-BABD-7A79C0C90060}.Debug|Any CPU.Build.0 = Debug|Any CPU
		{05BDCD11-FC61-4822-BABD-7A79C0C90060}.Release|Any CPU.ActiveCfg = Release|Any CPU
		{05BDCD11-FC61-4822-BABD-7A79C0C90060}.Release|Any CPU.Build.0 = Release|Any CPU
	EndGlobalSection
	GlobalSection(SolutionProperties) = preSolution
		HideSolutionNode = FALSE
	EndGlobalSection
	GlobalSection(ExtensibilityGlobals) = postSolution
		SolutionGuid = {5D41AC68-A02C-430E-BF4D-1BCA52EACF1C}
	EndGlobalSection
EndGlobal
